
Microsoft Visual Studio Solution File, Format Version 12.00
# Visual Studio Version 17
VisualStudioVersion = 17.8.34316.72
MinimumVisualStudioVersion = 10.0.40219.1
Project("{FAE04EC0-301F-11D3-BF4B-00C04F79EFBC}") = "NOPCommerce", "NOPCommerce\NOPCommerce.csproj", "{4288AB7A-DF41-4288-A1CF-DFF7B705FC0D}"
EndProject
Project("{FAE04EC0-301F-11D3-BF4B-00C04F79EFBC}") = "Contracts", "Contracts\Contracts.csproj", "{8B336CD4-7E97-4FE1-85AE-99C5F8944606}"
EndProject
Global
	GlobalSection(SolutionConfigurationPlatforms) = preSolution
		Debug|Any CPU = Debug|Any CPU
		Release|Any CPU = Release|Any CPU
	EndGlobalSection
	GlobalSection(ProjectConfigurationPlatforms) = postSolution
		{4288AB7A-DF41-4288-A1CF-DFF7B705FC0D}.Debug|Any CPU.ActiveCfg = Debug|Any CPU
		{4288AB7A-DF41-4288-A1CF-DFF7B705FC0D}.Debug|Any CPU.Build.0 = Debug|Any CPU
		{4288AB7A-DF41-4288-A1CF-DFF7B705FC0D}.Release|Any CPU.ActiveCfg = Release|Any CPU
		{4288AB7A-DF41-4288-A1CF-DFF7B705FC0D}.Release|Any CPU.Build.0 = Release|Any CPU
		{8B336CD4-7E97-4FE1-85AE-99C5F8944606}.Debug|Any CPU.ActiveCfg = Debug|Any CPU
		{8B336CD4-7E97-4FE1-85AE-99C5F8944606}.Debug|Any CPU.Build.0 = Debug|Any CPU
		{8B336CD4-7E97-4FE1-85AE-99C5F8944606}.Release|Any CPU.ActiveCfg = Release|Any CPU
		{8B336CD4-7E97-4FE1-85AE-99C5F8944606}.Release|Any CPU.Build.0 = Release|Any CPU
	EndGlobalSection
	GlobalSection(SolutionProperties) = preSolution
		HideSolutionNode = FALSE
	EndGlobalSection
	GlobalSection(ExtensibilityGlobals) = postSolution
		SolutionGuid = {98EA8D9C-70B7-4031-A9B9-F21062FE16AD}
	EndGlobalSection
EndGlobal
